
Microsoft Visual Studio Solution File, Format Version 12.00
# Visual Studio Version 17
VisualStudioVersion = 17.10.35122.118
MinimumVisualStudioVersion = 10.0.40219.1
Project("{FAE04EC0-301F-11D3-BF4B-00C04F79EFBC}") = "Editace tabulkovych dat", "Editace tabulkovych dat\Editace tabulkovych dat.csproj", "{EF477FFC-150F-46EA-ACF4-2EB23D46B555}"
EndProject
Global
	GlobalSection(SolutionConfigurationPlatforms) = preSolution
		Debug|Any CPU = Debug|Any CPU
		Release|Any CPU = Release|Any CPU
	EndGlobalSection
	GlobalSection(ProjectConfigurationPlatforms) = postSolution
		{EF477FFC-150F-46EA-ACF4-2EB23D46B555}.Debug|Any CPU.ActiveCfg = Debug|Any CPU
		{EF477FFC-150F-46EA-ACF4-2EB23D46B555}.Debug|Any CPU.Build.0 = Debug|Any CPU
		{EF477FFC-150F-46EA-ACF4-2EB23D46B555}.Release|Any CPU.ActiveCfg = Release|Any CPU
		{EF477FFC-150F-46EA-ACF4-2EB23D46B555}.Release|Any CPU.Build.0 = Release|Any CPU
	EndGlobalSection
	GlobalSection(SolutionProperties) = preSolution
		HideSolutionNode = FALSE
	EndGlobalSection
	GlobalSection(ExtensibilityGlobals) = postSolution
		SolutionGuid = {A36F5080-5D7C-43B4-822B-B6C5008F6D9D}
	EndGlobalSection
EndGlobal
