
Microsoft Visual Studio Solution File, Format Version 12.00
# Visual Studio Version 17
VisualStudioVersion = 17.10.35122.118
MinimumVisualStudioVersion = 10.0.40219.1
Project("{FAE04EC0-301F-11D3-BF4B-00C04F79EFBC}") = "Soubory", "Soubory\Soubory.csproj", "{0C53CD7F-68C5-4BD4-9F45-0D882EF4272F}"
EndProject
Global
	GlobalSection(SolutionConfigurationPlatforms) = preSolution
		Debug|Any CPU = Debug|Any CPU
		Release|Any CPU = Release|Any CPU
	EndGlobalSection
	GlobalSection(ProjectConfigurationPlatforms) = postSolution
		{0C53CD7F-68C5-4BD4-9F45-0D882EF4272F}.Debug|Any CPU.ActiveCfg = Debug|Any CPU
		{0C53CD7F-68C5-4BD4-9F45-0D882EF4272F}.Debug|Any CPU.Build.0 = Debug|Any CPU
		{0C53CD7F-68C5-4BD4-9F45-0D882EF4272F}.Release|Any CPU.ActiveCfg = Release|Any CPU
		{0C53CD7F-68C5-4BD4-9F45-0D882EF4272F}.Release|Any CPU.Build.0 = Release|Any CPU
	EndGlobalSection
	GlobalSection(SolutionProperties) = preSolution
		HideSolutionNode = FALSE
	EndGlobalSection
	GlobalSection(ExtensibilityGlobals) = postSolution
		SolutionGuid = {8E6453A8-20AD-4740-9497-310F7AE4D104}
	EndGlobalSection
EndGlobal
