
Microsoft Visual Studio Solution File, Format Version 12.00
# Visual Studio Version 17
VisualStudioVersion = 17.11.35303.130
MinimumVisualStudioVersion = 10.0.40219.1
Project("{FAE04EC0-301F-11D3-BF4B-00C04F79EFBC}") = "Pohyb kuličky", "Pohyb kuličky\Pohyb kuličky.csproj", "{A393A60B-F77D-4199-A455-3565E1E0AC3A}"
EndProject
Global
	GlobalSection(SolutionConfigurationPlatforms) = preSolution
		Debug|Any CPU = Debug|Any CPU
		Release|Any CPU = Release|Any CPU
	EndGlobalSection
	GlobalSection(ProjectConfigurationPlatforms) = postSolution
		{A393A60B-F77D-4199-A455-3565E1E0AC3A}.Debug|Any CPU.ActiveCfg = Debug|Any CPU
		{A393A60B-F77D-4199-A455-3565E1E0AC3A}.Debug|Any CPU.Build.0 = Debug|Any CPU
		{A393A60B-F77D-4199-A455-3565E1E0AC3A}.Release|Any CPU.ActiveCfg = Release|Any CPU
		{A393A60B-F77D-4199-A455-3565E1E0AC3A}.Release|Any CPU.Build.0 = Release|Any CPU
	EndGlobalSection
	GlobalSection(SolutionProperties) = preSolution
		HideSolutionNode = FALSE
	EndGlobalSection
	GlobalSection(ExtensibilityGlobals) = postSolution
		SolutionGuid = {B6641C13-8E91-4690-A427-E1D2C77483FA}
	EndGlobalSection
EndGlobal
